{
  "name": "@aapush02/thoughtweave-common",
  "version": "1.0.0",
  "lockfileVersion": 3,
  "requires": true,
  "packages": {
    "": {
      "name": "@aapush02/thoughtweave-common",
      "version": "1.0.0",
      "license": "ISC",
      "dependencies": {
        "@aapush02/thoughtweave-common": "^1.0.0",
        "zod": "^3.23.8"
      }
    },
    "node_modules/@aapush02/thoughtweave-common": {
      "version": "1.0.1",
      "resolved": "https://registry.npmjs.org/@aapush02/thoughtweave-common/-/thoughtweave-common-1.0.1.tgz",
      "integrity": "sha512-iSwp/Fn5W20wm2EX5b+QvVDBcKeLMojn/LpVaAHjWow/r0aU1XlhtUDsz9q/MJ+2wqCddo/24VnI86WZb5UlYQ==",
      "dependencies": {
        "zod": "^3.23.8"
      }
    },
    "node_modules/zod": {
      "version": "3.23.8",
      "resolved": "https://registry.npmjs.org/zod/-/zod-3.23.8.tgz",
      "integrity": "sha512-XBx9AXhXktjUqnepgTiE5flcKIYWi/rme0Eaj+5Y0lftuGBq+jyRu/md4WnuxqgP1ubdpNCsYEYPxrzVHD8d6g==",
      "funding": {
        "url": "https://github.com/sponsors/colinhacks"
      }
    }
  }
}
